
Microsoft Visual Studio Solution File, Format Version 12.00
# Visual Studio Version 17
VisualStudioVersion = 17.11.35222.181
MinimumVisualStudioVersion = 10.0.40219.1
Project("{FAE04EC0-301F-11D3-BF4B-00C04F79EFBC}") = "CA20241219", "CA20241219.csproj", "{15B6E5E7-50E5-4CFA-86AA-3FD8EF46D8BA}"
EndProject
Global
	GlobalSection(SolutionConfigurationPlatforms) = preSolution
		Debug|Any CPU = Debug|Any CPU
		Release|Any CPU = Release|Any CPU
	EndGlobalSection
	GlobalSection(ProjectConfigurationPlatforms) = postSolution
		{15B6E5E7-50E5-4CFA-86AA-3FD8EF46D8BA}.Debug|Any CPU.ActiveCfg = Debug|Any CPU
		{15B6E5E7-50E5-4CFA-86AA-3FD8EF46D8BA}.Debug|Any CPU.Build.0 = Debug|Any CPU
		{15B6E5E7-50E5-4CFA-86AA-3FD8EF46D8BA}.Release|Any CPU.ActiveCfg = Release|Any CPU
		{15B6E5E7-50E5-4CFA-86AA-3FD8EF46D8BA}.Release|Any CPU.Build.0 = Release|Any CPU
	EndGlobalSection
	GlobalSection(SolutionProperties) = preSolution
		HideSolutionNode = FALSE
	EndGlobalSection
	GlobalSection(ExtensibilityGlobals) = postSolution
		SolutionGuid = {915922B0-7CE4-4F8E-A2AC-43E60903E9EC}
	EndGlobalSection
EndGlobal
